
Microsoft Visual Studio Solution File, Format Version 12.00
# Visual Studio Version 16
VisualStudioVersion = 16.0.810.21
MinimumVisualStudioVersion = 10.0.40219.1
Project("{FAE04EC0-301F-11D3-BF4B-00C04F79EFBC}") = "Tobinco", "Tobinco.csproj", "{A09F9FBA-31A9-4AE3-812D-3F8E6349D580}"
EndProject
Global
	GlobalSection(SolutionConfigurationPlatforms) = preSolution
		Debug|Any CPU = Debug|Any CPU
		Release|Any CPU = Release|Any CPU
	EndGlobalSection
	GlobalSection(ProjectConfigurationPlatforms) = postSolution
		{A09F9FBA-31A9-4AE3-812D-3F8E6349D580}.Debug|Any CPU.ActiveCfg = Debug|Any CPU
		{A09F9FBA-31A9-4AE3-812D-3F8E6349D580}.Debug|Any CPU.Build.0 = Debug|Any CPU
		{A09F9FBA-31A9-4AE3-812D-3F8E6349D580}.Release|Any CPU.ActiveCfg = Release|Any CPU
		{A09F9FBA-31A9-4AE3-812D-3F8E6349D580}.Release|Any CPU.Build.0 = Release|Any CPU
	EndGlobalSection
	GlobalSection(SolutionProperties) = preSolution
		HideSolutionNode = FALSE
	EndGlobalSection
	GlobalSection(ExtensibilityGlobals) = postSolution
		SolutionGuid = {32FED63D-8B06-407E-A45E-228FEDF79DF5}
	EndGlobalSection
EndGlobal
